PODS:
  - CorePlot (1.6)
  - MBProgressHUD (0.9.1)

DEPENDENCIES:
  - CorePlot (from `https://github.com/core-plot/core-plot.git`, branch `xcode-7`)
  - MBProgressHUD (~> 0.9)

EXTERNAL SOURCES:
  CorePlot:
    :branch: xcode-7
    :git: https://github.com/core-plot/core-plot.git

CHECKOUT OPTIONS:
  CorePlot:
    :commit: 526c4deec226a2c37cc9666683679a3addb8baae
    :git: https://github.com/core-plot/core-plot.git

SPEC CHECKSUMS:
  CorePlot: cdef45c4ebb7a53f76dc298bf997e13afdaf956d
  MBProgressHUD: c47f2c166c126cf2ce36498d80f33e754d4e93ad

COCOAPODS: 0.39.0
